// !$*UTF8*$!
{
	archiveVersion = 1;
	classes = {
	};
	objectVersion = 56;
	objects = {

/* Begin PBXBuildFile section */
		A4DEAC5529FDDCE00010BBAF /* AppDelegate.swift in Sources */ = {isa = PBXBuildFile; fileRef = A4DEAC5429FDDCE00010BBAF /* AppDelegate.swift */; };
		A4DEAC5729FDDCE00010BBAF /* SceneDelegate.swift in Sources */ = {isa = PBXBuildFile; fileRef = A4DEAC5629FDDCE00010BBAF /* SceneDelegate.swift */; };
		A4DEAC5929FDDCE00010BBAF /* ViewController.swift in Sources */ = {isa = PBXBuildFile; fileRef = A4DEAC5829FDDCE00010BBAF /* ViewController.swift */; };
		A4DEAC5C29FDDCE00010BBAF /* Main.storyboard in Resources */ = {isa = PBXBuildFile; fileRef = A4DEAC5A29FDDCE00010BBAF /* Main.storyboard */; };
		A4DEAC5E29FDDCE10010BBAF /* Assets.xcassets in Resources */ = {isa = PBXBuildFile; fileRef = A4DEAC5D29FDDCE10010BBAF /* Assets.xcassets */; };
		A4DEAC6129FDDCE10010BBAF /* LaunchScreen.storyboard in Resources */ = {isa = PBXBuildFile; fileRef = A4DEAC5F29FDDCE10010BBAF /* LaunchScreen.storyboard */; };
		A4DEAC6C29FDDCE10010BBAF /* TestTests.swift in Sources */ = {isa = PBXBuildFile; fileRef = A4DEAC6B29FDDCE10010BBAF /* TestTests.swift */; };
		A4DEAC7629FDDCE10010BBAF /* TestUITests.swift in Sources */ = {isa = PBXBuildFile; fileRef = A4DEAC7529FDDCE10010BBAF /* TestUITests.swift */; };
		A4DEAC7829FDDCE10010BBAF /* TestUITestsLaunchTests.swift in Sources */ = {isa = PBXBuildFile; fileRef = A4DEAC7729FDDCE10010BBAF /* TestUITestsLaunchTests.swift */; };
/* End PBXBuildFile section */

/* Begin PBXContainerItemProxy section */
		A4DEAC6829FDDCE10010BBAF /* PBXContainerItemProxy */ = {
			isa = PBXContainerItemProxy;
			containerPortal = A4DEAC4929FDDCE00010BBAF /* Project object */;
			proxyType = 1;
			remoteGlobalIDString = A4DEAC5029FDDCE00010BBAF;
			remoteInfo = Test;
		};
		A4DEAC7229FDDCE10010BBAF /* PBXContainerItemProxy */ = {
			isa = PBXContainerItemProxy;
			containerPortal = A4DEAC4929FDDCE00010BBAF /* Project object */;
			proxyType = 1;
			remoteGlobalIDString = A4DEAC5029FDDCE00010BBAF;
			remoteInfo = Test;
		};
/* End PBXContainerItemProxy section */

/* Begin PBXFileReference section */
		A4DEAC5129FDDCE00010BBAF /* Test.app */ = {isa = PBXFileReference; explicitFileType = wrapper.application; includeInIndex = 0; path = Test.app; sourceTree = BUILT_PRODUCTS_DIR; };
		A4DEAC5429FDDCE00010BBAF /* AppDelegate.swift */ = {isa = PBXFileReference; lastKnownFileType = sourcecode.swift; path = AppDelegate.swift; sourceTree = "<group>"; };
		A4DEAC5629FDDCE00010BBAF /* SceneDelegate.swift */ = {isa = PBXFileReference; lastKnownFileType = sourcecode.swift; path = SceneDelegate.swift; sourceTree = "<group>"; };
		A4DEAC5829FDDCE00010BBAF /* ViewController.swift */ = {isa = PBXFileReference; lastKnownFileType = sourcecode.swift; path = ViewController.swift; sourceTree = "<group>"; };
		A4DEAC5B29FDDCE00010BBAF /* Base */ = {isa = PBXFileReference; lastKnownFileType = file.storyboard; name = Base; path = Base.lproj/Main.storyboard; sourceTree = "<group>"; };
		A4DEAC5D29FDDCE10010BBAF /* Assets.xcassets */ = {isa = PBXFileReference; lastKnownFileType = folder.assetcatalog; path = Assets.xcassets; sourceTree = "<group>"; };
		A4DEAC6029FDDCE10010BBAF /* Base */ = {isa = PBXFileReference; lastKnownFileType = file.storyboard; name = Base; path = Base.lproj/LaunchScreen.storyboard; sourceTree = "<group>"; };
		A4DEAC6229FDDCE10010BBAF /* Info.plist */ = {isa = PBXFileReference; lastKnownFileType = text.plist.xml; path = Info.plist; sourceTree = "<group>"; };
		A4DEAC6729FDDCE10010BBAF /* TestTests.xctest */ = {isa = PBXFileReference; explicitFileType = wrapper.cfbundle; includeInIndex = 0; path = TestTests.xctest; sourceTree = BUILT_PRODUCTS_DIR; };
		A4DEAC6B29FDDCE10010BBAF /* TestTests.swift */ = {isa = PBXFileReference; lastKnownFileType = sourcecode.swift; path = TestTests.swift; sourceTree = "<group>"; };
		A4DEAC7129FDDCE10010BBAF /* TestUITests.xctest */ = {isa = PBXFileReference; explicitFileType = wrapper.cfbundle; includeInIndex = 0; path = TestUITests.xctest; sourceTree = BUILT_PRODUCTS_DIR; };
		A4DEAC7529FDDCE10010BBAF /* TestUITests.swift */ = {isa = PBXFileReference; lastKnownFileType = sourcecode.swift; path = TestUITests.swift; sourceTree = "<group>"; };
		A4DEAC7729FDDCE10010BBAF /* TestUITestsLaunchTests.swift */ = {isa = PBXFileReference; lastKnownFileType = sourcecode.swift; path = TestUITestsLaunchTests.swift; sourceTree = "<group>"; };
/* End PBXFileReference section */

/* Begin PBXFrameworksBuildPhase section */
		A4DEAC4E29FDDCE00010BBAF /* Frameworks */ = {
			isa = PBXFrameworksBuildPhase;
			buildActionMask = 2147483647;
			files = (
			);
			runOnlyForDeploymentPostprocessing = 0;
		};
		A4DEAC6429FDDCE10010BBAF /* Frameworks */ = {
			isa = PBXFrameworksBuildPhase;
			buildActionMask = 2147483647;
			files = (
			);
			runOnlyForDeploymentPostprocessing = 0;
		};
		A4DEAC6E29FDDCE10010BBAF /* Frameworks */ = {
			isa = PBXFrameworksBuildPhase;
			buildActionMask = 2147483647;
			files = (
			);
			runOnlyForDeploymentPostprocessing = 0;
		};
/* End PBXFrameworksBuildPhase section */

/* Begin PBXGroup section */
		A4DEAC4829FDDCE00010BBAF = {
			isa = PBXGroup;
			children = (
				A4DEAC5329FDDCE00010BBAF /* Test */,
				A4DEAC6A29FDDCE10010BBAF /* TestTests */,
				A4DEAC7429FDDCE10010BBAF /* TestUITests */,
				A4DEAC5229FDDCE00010BBAF /* Products */,
			);
			sourceTree = "<group>";
		};
		A4DEAC5229FDDCE00010BBAF /* Products */ = {
			isa = PBXGroup;
			children = (
				A4DEAC5129FDDCE00010BBAF /* Test.app */,
				A4DEAC6729FDDCE10010BBAF /* TestTests.xctest */,
				A4DEAC7129FDDCE10010BBAF /* TestUITests.xctest */,
			);
			name = Products;
			sourceTree = "<group>";
		};
		A4DEAC5329FDDCE00010BBAF /* Test */ = {
			isa = PBXGroup;
			children = (
				A4DEAC5429FDDCE00010BBAF /* AppDelegate.swift */,
				A4DEAC5629FDDCE00010BBAF /* SceneDelegate.swift */,
				A4DEAC5829FDDCE00010BBAF /* ViewController.swift */,
				A4DEAC5A29FDDCE00010BBAF /* Main.storyboard */,
				A4DEAC5D29FDDCE10010BBAF /* Assets.xcassets */,
				A4DEAC5F29FDDCE10010BBAF /* LaunchScreen.storyboard */,
				A4DEAC6229FDDCE10010BBAF /* Info.plist */,
			);
			path = Test;
			sourceTree = "<group>";
		};
		A4DEAC6A29FDDCE10010BBAF /* TestTests */ = {
			isa = PBXGroup;
			children = (
				A4DEAC6B29FDDCE10010BBAF /* TestTests.swift */,
			);
			path = TestTests;
			sourceTree = "<group>";
		};
		A4DEAC7429FDDCE10010BBAF /* TestUITests */ = {
			isa = PBXGroup;
			children = (
				A4DEAC7529FDDCE10010BBAF /* TestUITests.swift */,
				A4DEAC7729FDDCE10010BBAF /* TestUITestsLaunchTests.swift */,
			);
			path = TestUITests;
			sourceTree = "<group>";
		};
/* End PBXGroup section */

/* Begin PBXNativeTarget section */
		A4DEAC5029FDDCE00010BBAF /* Test */ = {
			isa = PBXNativeTarget;
			buildConfigurationList = A4DEAC7B29FDDCE10010BBAF /* Build configuration list for PBXNativeTarget "Test" */;
			buildPhases = (
				A4DEAC4D29FDDCE00010BBAF /* Sources */,
				A4DEAC4E29FDDCE00010BBAF /* Frameworks */,
				A4DEAC4F29FDDCE00010BBAF /* Resources */,
			);
			buildRules = (
			);
			dependencies = (
			);
			name = Test;
			productName = Test;
			productReference = A4DEAC5129FDDCE00010BBAF /* Test.app */;
			productType = "com.apple.product-type.application";
		};
		A4DEAC6629FDDCE10010BBAF /* TestTests */ = {
			isa = PBXNativeTarget;
			buildConfigurationList = A4DEAC7E29FDDCE10010BBAF /* Build configuration list for PBXNativeTarget "TestTests" */;
			buildPhases = (
				A4DEAC6329FDDCE10010BBAF /* Sources */,
				A4DEAC6429FDDCE10010BBAF /* Frameworks */,
				A4DEAC6529FDDCE10010BBAF /* Resources */,
			);
			buildRules = (
			);
			dependencies = (
				A4DEAC6929FDDCE10010BBAF /* PBXTargetDependency */,
			);
			name = TestTests;
			productName = TestTests;
			productReference = A4DEAC6729FDDCE10010BBAF /* TestTests.xctest */;
			productType = "com.apple.product-type.bundle.unit-test";
		};
		A4DEAC7029FDDCE10010BBAF /* TestUITests */ = {
			isa = PBXNativeTarget;
			buildConfigurationList = A4DEAC8129FDDCE10010BBAF /* Build configuration list for PBXNativeTarget "TestUITests" */;
			buildPhases = (
				A4DEAC6D29FDDCE10010BBAF /* Sources */,
				A4DEAC6E29FDDCE10010BBAF /* Frameworks */,
				A4DEAC6F29FDDCE10010BBAF /* Resources */,
			);
			buildRules = (
			);
			dependencies = (
				A4DEAC7329FDDCE10010BBAF /* PBXTargetDependency */,
			);
			name = TestUITests;
			productName = TestUITests;
			productReference = A4DEAC7129FDDCE10010BBAF /* TestUITests.xctest */;
			productType = "com.apple.product-type.bundle.ui-testing";
		};
/* End PBXNativeTarget section */

/* Begin PBXProject section */
		A4DEAC4929FDDCE00010BBAF /* Project object */ = {
			isa = PBXProject;
			attributes = {
				BuildIndependentTargetsInParallel = 1;
				LastSwiftUpdateCheck = 1430;
				LastUpgradeCheck = 1430;
				TargetAttributes = {
					A4DEAC5029FDDCE00010BBAF = {
						CreatedOnToolsVersion = 14.3;
					};
					A4DEAC6629FDDCE10010BBAF = {
						CreatedOnToolsVersion = 14.3;
						TestTargetID = A4DEAC5029FDDCE00010BBAF;
					};
					A4DEAC7029FDDCE10010BBAF = {
						CreatedOnToolsVersion = 14.3;
						TestTargetID = A4DEAC5029FDDCE00010BBAF;
					};
				};
			};
			buildConfigurationList = A4DEAC4C29FDDCE00010BBAF /* Build configuration list for PBXProject "Test" */;
			compatibilityVersion = "Xcode 14.0";
			developmentRegion = en;
			hasScannedForEncodings = 0;
			knownRegions = (
				en,
				Base,
			);
			mainGroup = A4DEAC4829FDDCE00010BBAF;
			productRefGroup = A4DEAC5229FDDCE00010BBAF /* Products */;
			projectDirPath = "";
			projectRoot = "";
			targets = (
				A4DEAC5029FDDCE00010BBAF /* Test */,
				A4DEAC6629FDDCE10010BBAF /* TestTests */,
				A4DEAC7029FDDCE10010BBAF /* TestUITests */,
			);
		};
/* End PBXProject section */

/* Begin PBXResourcesBuildPhase section */
		A4DEAC4F29FDDCE00010BBAF /* Resources */ = {
			isa = PBXResourcesBuildPhase;
			buildActionMask = 2147483647;
			files = (
				A4DEAC6129FDDCE10010BBAF /* LaunchScreen.storyboard in Resources */,
				A4DEAC5E29FDDCE10010BBAF /* Assets.xcassets in Resources */,
				A4DEAC5C29FDDCE00010BBAF /* Main.storyboard in Resources */,
			);
			runOnlyForDeploymentPostprocessing = 0;
		};
		A4DEAC6529FDDCE10010BBAF /* Resources */ = {
			isa = PBXResourcesBuildPhase;
			buildActionMask = 2147483647;
			files = (
			);
			runOnlyForDeploymentPostprocessing = 0;
		};
		A4DEAC6F29FDDCE10010BBAF /* Resources */ = {
			isa = PBXResourcesBuildPhase;
			buildActionMask = 2147483647;
			files = (
			);
			runOnlyForDeploymentPostprocessing = 0;
		};
/* End PBXResourcesBuildPhase section */

/* Begin PBXSourcesBuildPhase section */
		A4DEAC4D29FDDCE00010BBAF /* Sources */ = {
			isa = PBXSourcesBuildPhase;
			buildActionMask = 2147483647;
			files = (
				A4DEAC5929FDDCE00010BBAF /* ViewController.swift in Sources */,
				A4DEAC5529FDDCE00010BBAF /* AppDelegate.swift in Sources */,
				A4DEAC5729FDDCE00010BBAF /* SceneDelegate.swift in Sources */,
			);
			runOnlyForDeploymentPostprocessing = 0;
		};
		A4DEAC6329FDDCE10010BBAF /* Sources */ = {
			isa = PBXSourcesBuildPhase;
			buildActionMask = 2147483647;
			files = (
				A4DEAC6C29FDDCE10010BBAF /* TestTests.swift in Sources */,
			);
			runOnlyForDeploymentPostprocessing = 0;
		};
		A4DEAC6D29FDDCE10010BBAF /* Sources */ = {
			isa = PBXSourcesBuildPhase;
			buildActionMask = 2147483647;
			files = (
				A4DEAC7829FDDCE10010BBAF /* TestUITestsLaunchTests.swift in Sources */,
				A4DEAC7629FDDCE10010BBAF /* TestUITests.swift in Sources */,
			);
			runOnlyForDeploymentPostprocessing = 0;
		};
/* End PBXSourcesBuildPhase section */

/* Begin PBXTargetDependency section */
		A4DEAC6929FDDCE10010BBAF /* PBXTargetDependency */ = {
			isa = PBXTargetDependency;
			target = A4DEAC5029FDDCE00010BBAF /* Test */;
			targetProxy = A4DEAC6829FDDCE10010BBAF /* PBXContainerItemProxy */;
		};
		A4DEAC7329FDDCE10010BBAF /* PBXTargetDependency */ = {
			isa = PBXTargetDependency;
			target = A4DEAC5029FDDCE00010BBAF /* Test */;
			targetProxy = A4DEAC7229FDDCE10010BBAF /* PBXContainerItemProxy */;
		};
/* End PBXTargetDependency section */

/* Begin PBXVariantGroup section */
		A4DEAC5A29FDDCE00010BBAF /* Main.storyboard */ = {
			isa = PBXVariantGroup;
			children = (
				A4DEAC5B29FDDCE00010BBAF /* Base */,
			);
			name = Main.storyboard;
			sourceTree = "<group>";
		};
		A4DEAC5F29FDDCE10010BBAF /* LaunchScreen.storyboard */ = {
			isa = PBXVariantGroup;
			children = (
				A4DEAC6029FDDCE10010BBAF /* Base */,
			);
			name = LaunchScreen.storyboard;
			sourceTree = "<group>";
		};
/* End PBXVariantGroup section */

/* Begin XCBuildConfiguration section */
		A4DEAC7929FDDCE10010BBAF /* Debug */ = {
			isa = XCBuildConfiguration;
			buildSettings = {
				ALWAYS_SEARCH_USER_PATHS = NO;
				CLANG_ANALYZER_NONNULL = YES;
				CLANG_ANALYZER_NUMBER_OBJECT_CONVERSION = YES_AGGRESSIVE;
				CLANG_CXX_LANGUAGE_STANDARD = "gnu++20";
				CLANG_ENABLE_MODULES = YES;
				CLANG_ENABLE_OBJC_ARC = YES;
				CLANG_ENABLE_OBJC_WEAK = YES;
				CLANG_WARN_BLOCK_CAPTURE_AUTORELEASING = YES;
				CLANG_WARN_BOOL_CONVERSION = YES;
				CLANG_WARN_COMMA = YES;
				CLANG_WARN_CONSTANT_CONVERSION = YES;
				CLANG_WARN_DEPRECATED_OBJC_IMPLEMENTATIONS = YES;
				CLANG_WARN_DIRECT_OBJC_ISA_USAGE = YES_ERROR;
				CLANG_WARN_DOCUMENTATION_COMMENTS = YES;
				CLANG_WARN_EMPTY_BODY = YES;
				CLANG_WARN_ENUM_CONVERSION = YES;
				CLANG_WARN_INFINITE_RECURSION = YES;
				CLANG_WARN_INT_CONVERSION = YES;
				CLANG_WARN_NON_LITERAL_NULL_CONVERSION = YES;
				CLANG_WARN_OBJC_IMPLICIT_RETAIN_SELF = YES;
				CLANG_WARN_OBJC_LITERAL_CONVERSION = YES;
				CLANG_WARN_OBJC_ROOT_CLASS = YES_ERROR;
				CLANG_WARN_QUOTED_INCLUDE_IN_FRAMEWORK_HEADER = YES;
				CLANG_WARN_RANGE_LOOP_ANALYSIS = YES;
				CLANG_WARN_STRICT_PROTOTYPES = YES;
				CLANG_WARN_SUSPICIOUS_MOVE = YES;
				CLANG_WARN_UNGUARDED_AVAILABILITY = YES_AGGRESSIVE;
				CLANG_WARN_UNREACHABLE_CODE = YES;
				CLANG_WARN__DUPLICATE_METHOD_MATCH = YES;
				COPY_PHASE_STRIP = NO;
				DEBUG_INFORMATION_FORMAT = dwarf;
				ENABLE_STRICT_OBJC_MSGSEND = YES;
				ENABLE_TESTABILITY = YES;
				GCC_C_LANGUAGE_STANDARD = gnu11;
				GCC_DYNAMIC_NO_PIC = NO;
				GCC_NO_COMMON_BLOCKS = YES;
				GCC_OPTIMIZATION_LEVEL = 0;
				GCC_PREPROCESSOR_DEFINITIONS = (
					"DEBUG=1",
					"$(inherited)",
				);
				GCC_WARN_64_TO_32_BIT_CONVERSION = YES;
				GCC_WARN_ABOUT_RETURN_TYPE = YES_ERROR;
				GCC_WARN_UNDECLARED_SELECTOR = YES;
				GCC_WARN_UNINITIALIZED_AUTOS = YES_AGGRESSIVE;
				GCC_WARN_UNUSED_FUNCTION = YES;
				GCC_WARN_UNUSED_VARIABLE = YES;
				IPHONEOS_DEPLOYMENT_TARGET = 16.4;
				MTL_ENABLE_DEBUG_INFO = INCLUDE_SOURCE;
				MTL_FAST_MATH = YES;
				ONLY_ACTIVE_ARCH = YES;
				SDKROOT = iphoneos;
				SWIFT_ACTIVE_COMPILATION_CONDITIONS = DEBUG;
				SWIFT_OPTIMIZATION_LEVEL = "-Onone";
			};
			name = Debug;
		};
		A4DEAC7A29FDDCE10010BBAF /* Release */ = {
			isa = XCBuildConfiguration;
			buildSettings = {
				ALWAYS_SEARCH_USER_PATHS = NO;
				CLANG_ANALYZER_NONNULL = YES;
				CLANG_ANALYZER_NUMBER_OBJECT_CONVERSION = YES_AGGRESSIVE;
				CLANG_CXX_LANGUAGE_STANDARD = "gnu++20";
				CLANG_ENABLE_MODULES = YES;
				CLANG_ENABLE_OBJC_ARC = YES;
				CLANG_ENABLE_OBJC_WEAK = YES;
				CLANG_WARN_BLOCK_CAPTURE_AUTORELEASING = YES;
				CLANG_WARN_BOOL_CONVERSION = YES;
				CLANG_WARN_COMMA = YES;
				CLANG_WARN_CONSTANT_CONVERSION = YES;
				CLANG_WARN_DEPRECATED_OBJC_IMPLEMENTATIONS = YES;
				CLANG_WARN_DIRECT_OBJC_ISA_USAGE = YES_ERROR;
				CLANG_WARN_DOCUMENTATION_COMMENTS = YES;
				CLANG_WARN_EMPTY_BODY = YES;
				CLANG_WARN_ENUM_CONVERSION = YES;
				CLANG_WARN_INFINITE_RECURSION = YES;
				CLANG_WARN_INT_CONVERSION = YES;
				CLANG_WARN_NON_LITERAL_NULL_CONVERSION = YES;
				CLANG_WARN_OBJC_IMPLICIT_RETAIN_SELF = YES;
				CLANG_WARN_OBJC_LITERAL_CONVERSION = YES;
				CLANG_WARN_OBJC_ROOT_CLASS = YES_ERROR;
				CLANG_WARN_QUOTED_INCLUDE_IN_FRAMEWORK_HEADER = YES;
				CLANG_WARN_RANGE_LOOP_ANALYSIS = YES;
				CLANG_WARN_STRICT_PROTOTYPES = YES;
				CLANG_WARN_SUSPICIOUS_MOVE = YES;
				CLANG_WARN_UNGUARDED_AVAILABILITY = YES_AGGRESSIVE;
				CLANG_WARN_UNREACHABLE_CODE = YES;
				CLANG_WARN__DUPLICATE_METHOD_MATCH = YES;
				COPY_PHASE_STRIP = NO;
				DEBUG_INFORMATION_FORMAT = "dwarf-with-dsym";
				ENABLE_NS_ASSERTIONS = NO;
				ENABLE_STRICT_OBJC_MSGSEND = YES;
				GCC_C_LANGUAGE_STANDARD = gnu11;
				GCC_NO_COMMON_BLOCKS = YES;
				GCC_WARN_64_TO_32_BIT_CONVERSION = YES;
				GCC_WARN_ABOUT_RETURN_TYPE = YES_ERROR;
				GCC_WARN_UNDECLARED_SELECTOR = YES;
				GCC_WARN_UNINITIALIZED_AUTOS = YES_AGGRESSIVE;
				GCC_WARN_UNUSED_FUNCTION = YES;
				GCC_WARN_UNUSED_VARIABLE = YES;
				IPHONEOS_DEPLOYMENT_TARGET = 16.4;
				MTL_ENABLE_DEBUG_INFO = NO;
				MTL_FAST_MATH = YES;
				SDKROOT = iphoneos;
				SWIFT_COMPILATION_MODE = wholemodule;
				SWIFT_OPTIMIZATION_LEVEL = "-O";
				VALIDATE_PRODUCT = YES;
			};
			name = Release;
		};
		A4DEAC7C29FDDCE10010BBAF /* Debug */ = {
			isa = XCBuildConfiguration;
			buildSettings = {
				ASSETCATALOG_COMPILER_APPICON_NAME = AppIcon;
				ASSETCATALOG_COMPILER_GLOBAL_ACCENT_COLOR_NAME = AccentColor;
				CODE_SIGN_STYLE = Automatic;
				CURRENT_PROJECT_VERSION = 1;
				DEVELOPMENT_TEAM = 43356LSJP6;
				GENERATE_INFOPLIST_FILE = YES;
				INFOPLIST_FILE = Test/Info.plist;
				INFOPLIST_KEY_UIApplicationSupportsIndirectInputEvents = YES;
				INFOPLIST_KEY_UILaunchStoryboardName = LaunchScreen;
				INFOPLIST_KEY_UIMainStoryboardFile = Main;
				INFOPLIST_KEY_UISupportedInterfaceOrientations_iPad = "UIInterfaceOrientationPortrait UIInterfaceOrientationPortraitUpsideDown UIInterfaceOrientationLandscapeLeft UIInterfaceOrientationLandscapeRight";
				INFOPLIST_KEY_UISupportedInterfaceOrientations_iPhone = "UIInterfaceOrientationPortrait UIInterfaceOrientationLandscapeLeft UIInterfaceOrientationLandscapeRight";
				LD_RUNPATH_SEARCH_PATHS = (
					"$(inherited)",
					"@executable_path/Frameworks",
				);
				MARKETING_VERSION = 1.0;
				PRODUCT_BUNDLE_IDENTIFIER = com.sservellon.Test;
				PRODUCT_NAME = "$(TARGET_NAME)";
				SWIFT_EMIT_LOC_STRINGS = YES;
				SWIFT_VERSION = 5.0;
				TARGETED_DEVICE_FAMILY = "1,2";
			};
			name = Debug;
		};
		A4DEAC7D29FDDCE10010BBAF /* Release */ = {
			isa = XCBuildConfiguration;
			buildSettings = {
				ASSETCATALOG_COMPILER_APPICON_NAME = AppIcon;
				ASSETCATALOG_COMPILER_GLOBAL_ACCENT_COLOR_NAME = AccentColor;
				CODE_SIGN_STYLE = Automatic;
				CURRENT_PROJECT_VERSION = 1;
				DEVELOPMENT_TEAM = 43356LSJP6;
				GENERATE_INFOPLIST_FILE = YES;
				INFOPLIST_FILE = Test/Info.plist;
				INFOPLIST_KEY_UIApplicationSupportsIndirectInputEvents = YES;
				INFOPLIST_KEY_UILaunchStoryboardName = LaunchScreen;
				INFOPLIST_KEY_UIMainStoryboardFile = Main;
				INFOPLIST_KEY_UISupportedInterfaceOrientations_iPad = "UIInterfaceOrientationPortrait UIInterfaceOrientationPortraitUpsideDown UIInterfaceOrientationLandscapeLeft UIInterfaceOrientationLandscapeRight";
				INFOPLIST_KEY_UISupportedInterfaceOrientations_iPhone = "UIInterfaceOrientationPortrait UIInterfaceOrientationLandscapeLeft UIInterfaceOrientationLandscapeRight";
				LD_RUNPATH_SEARCH_PATHS = (
					"$(inherited)",
					"@executable_path/Frameworks",
				);
				MARKETING_VERSION = 1.0;
				PRODUCT_BUNDLE_IDENTIFIER = com.sservellon.Test;
				PRODUCT_NAME = "$(TARGET_NAME)";
				SWIFT_EMIT_LOC_STRINGS = YES;
				SWIFT_VERSION = 5.0;
				TARGETED_DEVICE_FAMILY = "1,2";
			};
			name = Release;
		};
		A4DEAC7F29FDDCE10010BBAF /* Debug */ = {
			isa = XCBuildConfiguration;
			buildSettings = {
				ALWAYS_EMBED_SWIFT_STANDARD_LIBRARIES = YES;
				BUNDLE_LOADER = "$(TEST_HOST)";
				CODE_SIGN_STYLE = Automatic;
				CURRENT_PROJECT_VERSION = 1;
				DEVELOPMENT_TEAM = 43356LSJP6;
				GENERATE_INFOPLIST_FILE = YES;
				IPHONEOS_DEPLOYMENT_TARGET = 16.4;
				MARKETING_VERSION = 1.0;
				PRODUCT_BUNDLE_IDENTIFIER = com.sservellon.TestTests;
				PRODUCT_NAME = "$(TARGET_NAME)";
				SWIFT_EMIT_LOC_STRINGS = NO;
				SWIFT_VERSION = 5.0;
				TARGETED_DEVICE_FAMILY = "1,2";
				TEST_HOST = "$(BUILT_PRODUCTS_DIR)/Test.app/$(BUNDLE_EXECUTABLE_FOLDER_PATH)/Test";
			};
			name = Debug;
		};
		A4DEAC8029FDDCE10010BBAF /* Release */ = {
			isa = XCBuildConfiguration;
			buildSettings = {
				ALWAYS_EMBED_SWIFT_STANDARD_LIBRARIES = YES;
				BUNDLE_LOADER = "$(TEST_HOST)";
				CODE_SIGN_STYLE = Automatic;
				CURRENT_PROJECT_VERSION = 1;
				DEVELOPMENT_TEAM = 43356LSJP6;
				GENERATE_INFOPLIST_FILE = YES;
				IPHONEOS_DEPLOYMENT_TARGET = 16.4;
				MARKETING_VERSION = 1.0;
				PRODUCT_BUNDLE_IDENTIFIER = com.sservellon.TestTests;
				PRODUCT_NAME = "$(TARGET_NAME)";
				SWIFT_EMIT_LOC_STRINGS = NO;
				SWIFT_VERSION = 5.0;
				TARGETED_DEVICE_FAMILY = "1,2";
				TEST_HOST = "$(BUILT_PRODUCTS_DIR)/Test.app/$(BUNDLE_EXECUTABLE_FOLDER_PATH)/Test";
			};
			name = Release;
		};
		A4DEAC8229FDDCE10010BBAF /* Debug */ = {
			isa = XCBuildConfiguration;
			buildSettings = {
				ALWAYS_EMBED_SWIFT_STANDARD_LIBRARIES = YES;
				CODE_SIGN_STYLE = Automatic;
				CURRENT_PROJECT_VERSION = 1;
				DEVELOPMENT_TEAM = 43356LSJP6;
				GENERATE_INFOPLIST_FILE = YES;
				MARKETING_VERSION = 1.0;
				PRODUCT_BUNDLE_IDENTIFIER = com.sservellon.TestUITests;
				PRODUCT_NAME = "$(TARGET_NAME)";
				SWIFT_EMIT_LOC_STRINGS = NO;
				SWIFT_VERSION = 5.0;
				TARGETED_DEVICE_FAMILY = "1,2";
				TEST_TARGET_NAME = Test;
			};
			name = Debug;
		};
		A4DEAC8329FDDCE10010BBAF /* Release */ = {
			isa = XCBuildConfiguration;
			buildSettings = {
				ALWAYS_EMBED_SWIFT_STANDARD_LIBRARIES = YES;
				CODE_SIGN_STYLE = Automatic;
				CURRENT_PROJECT_VERSION = 1;
				DEVELOPMENT_TEAM = 43356LSJP6;
				GENERATE_INFOPLIST_FILE = YES;
				MARKETING_VERSION = 1.0;
				PRODUCT_BUNDLE_IDENTIFIER = com.sservellon.TestUITests;
				PRODUCT_NAME = "$(TARGET_NAME)";
				SWIFT_EMIT_LOC_STRINGS = NO;
				SWIFT_VERSION = 5.0;
				TARGETED_DEVICE_FAMILY = "1,2";
				TEST_TARGET_NAME = Test;
			};
			name = Release;
		};
/* End XCBuildConfiguration section */

/* Begin XCConfigurationList section */
		A4DEAC4C29FDDCE00010BBAF /* Build configuration list for PBXProject "Test" */ = {
			isa = XCConfigurationList;
			buildConfigurations = (
				A4DEAC7929FDDCE10010BBAF /* Debug */,
				A4DEAC7A29FDDCE10010BBAF /* Release */,
			);
			defaultConfigurationIsVisible = 0;
			defaultConfigurationName = Release;
		};
		A4DEAC7B29FDDCE10010BBAF /* Build configuration list for PBXNativeTarget "Test" */ = {
			isa = XCConfigurationList;
			buildConfigurations = (
				A4DEAC7C29FDDCE10010BBAF /* Debug */,
				A4DEAC7D29FDDCE10010BBAF /* Release */,
			);
			defaultConfigurationIsVisible = 0;
			defaultConfigurationName = Release;
		};
		A4DEAC7E29FDDCE10010BBAF /* Build configuration list for PBXNativeTarget "TestTests" */ = {
			isa = XCConfigurationList;
			buildConfigurations = (
				A4DEAC7F29FDDCE10010BBAF /* Debug */,
				A4DEAC8029FDDCE10010BBAF /* Release */,
			);
			defaultConfigurationIsVisible = 0;
			defaultConfigurationName = Release;
		};
		A4DEAC8129FDDCE10010BBAF /* Build configuration list for PBXNativeTarget "TestUITests" */ = {
			isa = XCConfigurationList;
			buildConfigurations = (
				A4DEAC8229FDDCE10010BBAF /* Debug */,
				A4DEAC8329FDDCE10010BBAF /* Release */,
			);
			defaultConfigurationIsVisible = 0;
			defaultConfigurationName = Release;
		};
/* End XCConfigurationList section */
	};
	rootObject = A4DEAC4929FDDCE00010BBAF /* Project object */;
}
